
Microsoft Visual Studio Solution File, Format Version 12.00
Project("{FAE04EC0-301F-11D3-BF4B-00C04F79EFBC}") = "MpAgent.GitLab.MergeRequestReviewer", "MpAgent.GitLab.MergeRequestReviewer\MpAgent.GitLab.MergeRequestReviewer.csproj", "{F67ED6E5-5274-4383-BF5C-37E73897F128}"
EndProject
Project("{FAE04EC0-301F-11D3-BF4B-00C04F79EFBC}") = "MpAgent.CLI", "MpAgent.CLI\MpAgent.CLI.csproj", "{93E4C464-EF64-452E-A44E-8548E672515E}"
EndProject
Project("{2150E333-8FDC-42A3-9474-1A3956D46DE8}") = "SolutionFolder", "SolutionFolder", "{5E72EE98-FD98-4AFA-A62C-EAF08EA73833}"
	ProjectSection(SolutionItems) = preProject
		.gitignore = .gitignore
		README.md = README.md
	EndProjectSection
EndProject
Project("{2150E333-8FDC-42A3-9474-1A3956D46DE8}") = ".github", ".github", "{0C61467A-832C-4B66-B7F8-A15A04262C22}"
	ProjectSection(SolutionItems) = preProject
		.github\copilot-instructions.md = .github\copilot-instructions.md
	EndProjectSection
EndProject
Project("{FAE04EC0-301F-11D3-BF4B-00C04F79EFBC}") = "MpAgent.Translate", "MpAgent.Translate\MpAgent.Translate.csproj", "{29043C3D-4722-4D31-BFD1-1D7B5FF38773}"
EndProject
Global
	GlobalSection(SolutionConfigurationPlatforms) = preSolution
		Debug|Any CPU = Debug|Any CPU
		Release|Any CPU = Release|Any CPU
	EndGlobalSection
	GlobalSection(ProjectConfigurationPlatforms) = postSolution
		{F67ED6E5-5274-4383-BF5C-37E73897F128}.Debug|Any CPU.ActiveCfg = Debug|Any CPU
		{F67ED6E5-5274-4383-BF5C-37E73897F128}.Debug|Any CPU.Build.0 = Debug|Any CPU
		{F67ED6E5-5274-4383-BF5C-37E73897F128}.Release|Any CPU.ActiveCfg = Release|Any CPU
		{F67ED6E5-5274-4383-BF5C-37E73897F128}.Release|Any CPU.Build.0 = Release|Any CPU
		{93E4C464-EF64-452E-A44E-8548E672515E}.Debug|Any CPU.ActiveCfg = Debug|Any CPU
		{93E4C464-EF64-452E-A44E-8548E672515E}.Debug|Any CPU.Build.0 = Debug|Any CPU
		{93E4C464-EF64-452E-A44E-8548E672515E}.Release|Any CPU.ActiveCfg = Release|Any CPU
		{93E4C464-EF64-452E-A44E-8548E672515E}.Release|Any CPU.Build.0 = Release|Any CPU
		{29043C3D-4722-4D31-BFD1-1D7B5FF38773}.Debug|Any CPU.ActiveCfg = Debug|Any CPU
		{29043C3D-4722-4D31-BFD1-1D7B5FF38773}.Debug|Any CPU.Build.0 = Debug|Any CPU
		{29043C3D-4722-4D31-BFD1-1D7B5FF38773}.Release|Any CPU.ActiveCfg = Release|Any CPU
		{29043C3D-4722-4D31-BFD1-1D7B5FF38773}.Release|Any CPU.Build.0 = Release|Any CPU
	EndGlobalSection
	GlobalSection(NestedProjects) = preSolution
		{0C61467A-832C-4B66-B7F8-A15A04262C22} = {5E72EE98-FD98-4AFA-A62C-EAF08EA73833}
	EndGlobalSection
EndGlobal
